
Microsoft Visual Studio Solution File, Format Version 12.00
# Visual Studio Version 16
VisualStudioVersion = 16.0.29728.190
MinimumVisualStudioVersion = 10.0.40219.1
Project("{FAE04EC0-301F-11D3-BF4B-00C04F79EFBC}") = "ConnectionToMSSQL2019", "ConnectionToMSSQL2019\ConnectionToMSSQL2019.csproj", "{29F23817-1EE7-4B23-BED9-4E76BF5AEDE2}"
EndProject
Global
	GlobalSection(SolutionConfigurationPlatforms) = preSolution
		Debug|Any CPU = Debug|Any CPU
		Release|Any CPU = Release|Any CPU
	EndGlobalSection
	GlobalSection(ProjectConfigurationPlatforms) = postSolution
		{29F23817-1EE7-4B23-BED9-4E76BF5AEDE2}.Debug|Any CPU.ActiveCfg = Debug|Any CPU
		{29F23817-1EE7-4B23-BED9-4E76BF5AEDE2}.Debug|Any CPU.Build.0 = Debug|Any CPU
		{29F23817-1EE7-4B23-BED9-4E76BF5AEDE2}.Release|Any CPU.ActiveCfg = Release|Any CPU
		{29F23817-1EE7-4B23-BED9-4E76BF5AEDE2}.Release|Any CPU.Build.0 = Release|Any CPU
	EndGlobalSection
	GlobalSection(SolutionProperties) = preSolution
		HideSolutionNode = FALSE
	EndGlobalSection
	GlobalSection(ExtensibilityGlobals) = postSolution
		SolutionGuid = {536619A9-531D-4D8F-AAA7-8912B5369A67}
	EndGlobalSection
EndGlobal
